{
  "object": {
    "pins": [
      {
        "package": "SwiftFormat",
        "repositoryURL": "https://github.com/nicklockwood/SwiftFormat",
        "state": {
          "branch": null,
          "revision": "599dd01c5f3c521d5cb17a0a3d2f55bd601f67b1",
          "version": "0.58.0"
        }
      }
    ]
  },
  "version": 1
}
