// !$*UTF8*$!
{
	archiveVersion = 1;
	classes = {
	};
	objectVersion = 77;
	objects = {

/* Begin PBXBuildFile section */
		092B261D25D414598BDAE5A7 /* WorldPlugTests.swift in Sources */ = {isa = PBXBuildFile; fileRef = 72DF25621B2362A65CA3678A /* WorldPlugTests.swift */; };
		3C4D5E6F7A8B9C0D1E2F3A4B /* PlugDetailViewModelTests.swift in Sources */ = {isa = PBXBuildFile; fileRef = 4D5E6F7A8B9C0D1E2F3A4B5C /* PlugDetailViewModelTests.swift */; };
		8B6A9B79FFADEC9E8ADAA46C /* Repository in Frameworks */ = {isa = PBXBuildFile; productRef = B423EFCB42CC328DC06463FE /* Repository */; };
		A6182C10B0968F70ADF5BF82 /* Repository in Frameworks */ = {isa = PBXBuildFile; productRef = E4D17D6D811CF8CEEDE7ED8E /* Repository */; };
		AA00BB11CC22DD33EE44FF55 /* CountriesListViewModelTests.swift in Sources */ = {isa = PBXBuildFile; fileRef = BB11CC22DD33EE44FF55AA00 /* CountriesListViewModelTests.swift */; };
/* End PBXBuildFile section */

/* Begin PBXContainerItemProxy section */
		9C38B02319830D243B7C255B /* PBXContainerItemProxy */ = {
			isa = PBXContainerItemProxy;
			containerPortal = 50B7ACC28A184B04797769E8 /* Project object */;
			proxyType = 1;
			remoteGlobalIDString = C1290446E04FB233F2D0D3FC;
			remoteInfo = WorldPlug;
		};
/* End PBXContainerItemProxy section */

/* Begin PBXFileReference section */
		4D5E6F7A8B9C0D1E2F3A4B5C /* PlugDetailViewModelTests.swift */ = {isa = PBXFileReference; lastKnownFileType = sourcecode.swift; path = PlugDetailViewModelTests.swift; sourceTree = "<group>"; };
		72DF25621B2362A65CA3678A /* WorldPlugTests.swift */ = {isa = PBXFileReference; lastKnownFileType = sourcecode.swift; path = WorldPlugTests.swift; sourceTree = "<group>"; };
		BB083BD78B58EFFDD5205039 /* Repository */ = {isa = PBXFileReference; lastKnownFileType = folder; path = Repository; sourceTree = SOURCE_ROOT; };
		BB11CC22DD33EE44FF55AA00 /* CountriesListViewModelTests.swift */ = {isa = PBXFileReference; lastKnownFileType = sourcecode.swift; path = CountriesListViewModelTests.swift; sourceTree = "<group>"; };
		BE895993981725173845D8CA /* WorldPlugTests.xctest */ = {isa = PBXFileReference; explicitFileType = wrapper.cfbundle; includeInIndex = 0; path = WorldPlugTests.xctest; sourceTree = BUILT_PRODUCTS_DIR; };
		C88B45CD0740631A00BBE12B /* WorldPlug.app */ = {isa = PBXFileReference; explicitFileType = wrapper.application; includeInIndex = 0; path = WorldPlug.app; sourceTree = BUILT_PRODUCTS_DIR; };
/* End PBXFileReference section */

/* Begin PBXFileSystemSynchronizedRootGroup section */
		4C5862312FEC210000B5718C /* Sources */ = {
			isa = PBXFileSystemSynchronizedRootGroup;
			path = Sources;
			sourceTree = "<group>";
		};
		4C5862452FEC210400B5718C /* Resources */ = {
			isa = PBXFileSystemSynchronizedRootGroup;
			path = Resources;
			sourceTree = "<group>";
		};
/* End PBXFileSystemSynchronizedRootGroup section */

/* Begin PBXFrameworksBuildPhase section */
		6F7BCE6E3BB27853A1169EA5 /* Frameworks */ = {
			isa = PBXFrameworksBuildPhase;
			buildActionMask = 2147483647;
			files = (
				A6182C10B0968F70ADF5BF82 /* Repository in Frameworks */,
			);
			runOnlyForDeploymentPostprocessing = 0;
		};
		9269A3B489152609D0B5D7F8 /* Frameworks */ = {
			isa = PBXFrameworksBuildPhase;
			buildActionMask = 2147483647;
			files = (
				8B6A9B79FFADEC9E8ADAA46C /* Repository in Frameworks */,
			);
			runOnlyForDeploymentPostprocessing = 0;
		};
/* End PBXFrameworksBuildPhase section */

/* Begin PBXGroup section */
		4164BA609669D3A239D6F01D /* Products */ = {
			isa = PBXGroup;
			children = (
				C88B45CD0740631A00BBE12B /* WorldPlug.app */,
				BE895993981725173845D8CA /* WorldPlugTests.xctest */,
			);
			name = Products;
			sourceTree = "<group>";
		};
		48CEC256D3B78ABCB18860B0 = {
			isa = PBXGroup;
			children = (
				EC4A836C4A7EA4909975461D /* Packages */,
				EE5D78E57F7E27A8BE148313 /* WorldPlug */,
				FE2533C686150C6EB74E560F /* WorldPlugTests */,
				4164BA609669D3A239D6F01D /* Products */,
			);
			sourceTree = "<group>";
		};
		EC4A836C4A7EA4909975461D /* Packages */ = {
			isa = PBXGroup;
			children = (
				BB083BD78B58EFFDD5205039 /* Repository */,
			);
			name = Packages;
			sourceTree = "<group>";
		};
		EE5D78E57F7E27A8BE148313 /* WorldPlug */ = {
			isa = PBXGroup;
			children = (
				4C5862452FEC210400B5718C /* Resources */,
				4C5862312FEC210000B5718C /* Sources */,
			);
			path = WorldPlug;
			sourceTree = "<group>";
		};
		FE2533C686150C6EB74E560F /* WorldPlugTests */ = {
			isa = PBXGroup;
			children = (
				72DF25621B2362A65CA3678A /* WorldPlugTests.swift */,
				BB11CC22DD33EE44FF55AA00 /* CountriesListViewModelTests.swift */,
				4D5E6F7A8B9C0D1E2F3A4B5C /* PlugDetailViewModelTests.swift */,
			);
			path = WorldPlugTests;
			sourceTree = "<group>";
		};
/* End PBXGroup section */

/* Begin PBXNativeTarget section */
		C1290446E04FB233F2D0D3FC /* WorldPlug */ = {
			isa = PBXNativeTarget;
			buildConfigurationList = EA535D1A86E531EF78C0C985 /* Build configuration list for PBXNativeTarget "WorldPlug" */;
			buildPhases = (
				4FBA03E0B40D671D93970AD3 /* Sources */,
				CCF435428A15EB9C67386CA3 /* Resources */,
				9269A3B489152609D0B5D7F8 /* Frameworks */,
			);
			buildRules = (
			);
			dependencies = (
			);
			fileSystemSynchronizedGroups = (
				4C5862312FEC210000B5718C /* Sources */,
				4C5862452FEC210400B5718C /* Resources */,
			);
			name = WorldPlug;
			packageProductDependencies = (
				B423EFCB42CC328DC06463FE /* Repository */,
			);
			productName = WorldPlug;
			productReference = C88B45CD0740631A00BBE12B /* WorldPlug.app */;
			productType = "com.apple.product-type.application";
		};
		FCF8AC8099A2E3C005E911E4 /* WorldPlugTests */ = {
			isa = PBXNativeTarget;
			buildConfigurationList = B7C59A4A404DE9C5204EED9E /* Build configuration list for PBXNativeTarget "WorldPlugTests" */;
			buildPhases = (
				075B92423A855E97DD73663C /* Sources */,
				6F7BCE6E3BB27853A1169EA5 /* Frameworks */,
			);
			buildRules = (
			);
			dependencies = (
				64EB2F67271C19AD89DBC6A4 /* PBXTargetDependency */,
			);
			name = WorldPlugTests;
			packageProductDependencies = (
				E4D17D6D811CF8CEEDE7ED8E /* Repository */,
			);
			productName = WorldPlugTests;
			productReference = BE895993981725173845D8CA /* WorldPlugTests.xctest */;
			productType = "com.apple.product-type.bundle.unit-test";
		};
/* End PBXNativeTarget section */

/* Begin PBXProject section */
		50B7ACC28A184B04797769E8 /* Project object */ = {
			isa = PBXProject;
			attributes = {
				BuildIndependentTargetsInParallel = YES;
				LastUpgradeCheck = 2630;
			};
			buildConfigurationList = C5072A5D08F5612C4DE074DB /* Build configuration list for PBXProject "WorldPlug" */;
			developmentRegion = en;
			hasScannedForEncodings = 0;
			knownRegions = (
				Base,
				en,
				it,
			);
			mainGroup = 48CEC256D3B78ABCB18860B0;
			minimizedProjectReferenceProxies = 1;
			packageReferences = (
				8C4622A7B1801528FDE64986 /* XCLocalSwiftPackageReference "Repository" */,
			);
			preferredProjectObjectVersion = 77;
			productRefGroup = 4164BA609669D3A239D6F01D /* Products */;
			projectDirPath = "";
			projectRoot = "";
			targets = (
				C1290446E04FB233F2D0D3FC /* WorldPlug */,
				FCF8AC8099A2E3C005E911E4 /* WorldPlugTests */,
			);
		};
/* End PBXProject section */

/* Begin PBXResourcesBuildPhase section */
		CCF435428A15EB9C67386CA3 /* Resources */ = {
			isa = PBXResourcesBuildPhase;
			buildActionMask = 2147483647;
			files = (
			);
			runOnlyForDeploymentPostprocessing = 0;
		};
/* End PBXResourcesBuildPhase section */

/* Begin PBXSourcesBuildPhase section */
		075B92423A855E97DD73663C /* Sources */ = {
			isa = PBXSourcesBuildPhase;
			buildActionMask = 2147483647;
			files = (
				092B261D25D414598BDAE5A7 /* WorldPlugTests.swift in Sources */,
				AA00BB11CC22DD33EE44FF55 /* CountriesListViewModelTests.swift in Sources */,
				3C4D5E6F7A8B9C0D1E2F3A4B /* PlugDetailViewModelTests.swift in Sources */,
			);
			runOnlyForDeploymentPostprocessing = 0;
		};
		4FBA03E0B40D671D93970AD3 /* Sources */ = {
			isa = PBXSourcesBuildPhase;
			buildActionMask = 2147483647;
			files = (
			);
			runOnlyForDeploymentPostprocessing = 0;
		};
/* End PBXSourcesBuildPhase section */

/* Begin PBXTargetDependency section */
		64EB2F67271C19AD89DBC6A4 /* PBXTargetDependency */ = {
			isa = PBXTargetDependency;
			target = C1290446E04FB233F2D0D3FC /* WorldPlug */;
			targetProxy = 9C38B02319830D243B7C255B /* PBXContainerItemProxy */;
		};
/* End PBXTargetDependency section */

/* Begin XCBuildConfiguration section */
		03AFD0DB20C150DE150F87C4 /* Release */ = {
			isa = XCBuildConfiguration;
			buildSettings = {
				ALWAYS_SEARCH_USER_PATHS = NO;
				CLANG_ANALYZER_LOCALIZABILITY_NONLOCALIZED = YES;
				CLANG_ANALYZER_NONNULL = YES;
				CLANG_ANALYZER_NUMBER_OBJECT_CONVERSION = YES_AGGRESSIVE;
				CLANG_CXX_LANGUAGE_STANDARD = "gnu++14";
				CLANG_CXX_LIBRARY = "libc++";
				CLANG_ENABLE_MODULES = YES;
				CLANG_ENABLE_OBJC_ARC = YES;
				CLANG_ENABLE_OBJC_WEAK = YES;
				CLANG_WARN_BLOCK_CAPTURE_AUTORELEASING = YES;
				CLANG_WARN_BOOL_CONVERSION = YES;
				CLANG_WARN_COMMA = YES;
				CLANG_WARN_CONSTANT_CONVERSION = YES;
				CLANG_WARN_DEPRECATED_OBJC_IMPLEMENTATIONS = YES;
				CLANG_WARN_DIRECT_OBJC_ISA_USAGE = YES_ERROR;
				CLANG_WARN_DOCUMENTATION_COMMENTS = YES;
				CLANG_WARN_EMPTY_BODY = YES;
				CLANG_WARN_ENUM_CONVERSION = YES;
				CLANG_WARN_INFINITE_RECURSION = YES;
				CLANG_WARN_INT_CONVERSION = YES;
				CLANG_WARN_NON_LITERAL_NULL_CONVERSION = YES;
				CLANG_WARN_OBJC_IMPLICIT_RETAIN_SELF = YES;
				CLANG_WARN_OBJC_LITERAL_CONVERSION = YES;
				CLANG_WARN_OBJC_ROOT_CLASS = YES_ERROR;
				CLANG_WARN_QUOTED_INCLUDE_IN_FRAMEWORK_HEADER = YES;
				CLANG_WARN_RANGE_LOOP_ANALYSIS = YES;
				CLANG_WARN_STRICT_PROTOTYPES = YES;
				CLANG_WARN_SUSPICIOUS_MOVE = YES;
				CLANG_WARN_UNGUARDED_AVAILABILITY = YES_AGGRESSIVE;
				CLANG_WARN_UNREACHABLE_CODE = YES;
				CLANG_WARN__DUPLICATE_METHOD_MATCH = YES;
				COPY_PHASE_STRIP = NO;
				DEBUG_INFORMATION_FORMAT = "dwarf-with-dsym";
				ENABLE_NS_ASSERTIONS = NO;
				ENABLE_STRICT_OBJC_MSGSEND = YES;
				ENABLE_TESTABILITY = YES;
				ENABLE_USER_SCRIPT_SANDBOXING = YES;
				GCC_C_LANGUAGE_STANDARD = gnu11;
				GCC_NO_COMMON_BLOCKS = YES;
				GCC_WARN_64_TO_32_BIT_CONVERSION = YES;
				GCC_WARN_ABOUT_RETURN_TYPE = YES_ERROR;
				GCC_WARN_UNDECLARED_SELECTOR = YES;
				GCC_WARN_UNINITIALIZED_AUTOS = YES_AGGRESSIVE;
				GCC_WARN_UNUSED_FUNCTION = YES;
				GCC_WARN_UNUSED_VARIABLE = YES;
				IPHONEOS_DEPLOYMENT_TARGET = 26.0;
				MTL_ENABLE_DEBUG_INFO = NO;
				MTL_FAST_MATH = YES;
				PRODUCT_NAME = "$(TARGET_NAME)";
				SDKROOT = iphoneos;
				STRING_CATALOG_GENERATE_SYMBOLS = YES;
				SWIFT_COMPILATION_MODE = wholemodule;
				SWIFT_OPTIMIZATION_LEVEL = "-O";
				SWIFT_STRICT_CONCURRENCY = complete;
				SWIFT_VERSION = 6.0;
			};
			name = Release;
		};
		20BBE91A9823E31EE19BC787 /* Debug */ = {
			isa = XCBuildConfiguration;
			buildSettings = {
				ASSETCATALOG_COMPILER_APPICON_NAME = AppIcon;
				ASSETCATALOG_COMPILER_GENERATE_SWIFT_ASSET_SYMBOL_EXTENSIONS = YES;
				CODE_SIGN_IDENTITY = "iPhone Developer";
				CURRENT_PROJECT_VERSION = 1;
				DEVELOPMENT_ASSET_PATHS = "\"WorldPlug/Resources/Preview Content\"";
				INFOPLIST_FILE = "WorldPlug/WorldPlug-Info.plist";
				INFOPLIST_KEY_LSApplicationCategoryType = "public.app-category.travel";
				IPHONEOS_DEPLOYMENT_TARGET = 26.0;
				LD_RUNPATH_SEARCH_PATHS = (
					"$(inherited)",
					"@executable_path/Frameworks",
				);
				MARKETING_VERSION = 1.0;
				PRODUCT_BUNDLE_IDENTIFIER = com.posix88.Voltly;
				SDKROOT = iphoneos;
				TARGETED_DEVICE_FAMILY = "1,2";
			};
			name = Debug;
		};
		AABBE09CC9579C161E9E24B0 /* Debug */ = {
			isa = XCBuildConfiguration;
			buildSettings = {
				ALWAYS_SEARCH_USER_PATHS = NO;
				CLANG_ANALYZER_LOCALIZABILITY_NONLOCALIZED = YES;
				CLANG_ANALYZER_NONNULL = YES;
				CLANG_ANALYZER_NUMBER_OBJECT_CONVERSION = YES_AGGRESSIVE;
				CLANG_CXX_LANGUAGE_STANDARD = "gnu++14";
				CLANG_CXX_LIBRARY = "libc++";
				CLANG_ENABLE_MODULES = YES;
				CLANG_ENABLE_OBJC_ARC = YES;
				CLANG_ENABLE_OBJC_WEAK = YES;
				CLANG_WARN_BLOCK_CAPTURE_AUTORELEASING = YES;
				CLANG_WARN_BOOL_CONVERSION = YES;
				CLANG_WARN_COMMA = YES;
				CLANG_WARN_CONSTANT_CONVERSION = YES;
				CLANG_WARN_DEPRECATED_OBJC_IMPLEMENTATIONS = YES;
				CLANG_WARN_DIRECT_OBJC_ISA_USAGE = YES_ERROR;
				CLANG_WARN_DOCUMENTATION_COMMENTS = YES;
				CLANG_WARN_EMPTY_BODY = YES;
				CLANG_WARN_ENUM_CONVERSION = YES;
				CLANG_WARN_INFINITE_RECURSION = YES;
				CLANG_WARN_INT_CONVERSION = YES;
				CLANG_WARN_NON_LITERAL_NULL_CONVERSION = YES;
				CLANG_WARN_OBJC_IMPLICIT_RETAIN_SELF = YES;
				CLANG_WARN_OBJC_LITERAL_CONVERSION = YES;
				CLANG_WARN_OBJC_ROOT_CLASS = YES_ERROR;
				CLANG_WARN_QUOTED_INCLUDE_IN_FRAMEWORK_HEADER = YES;
				CLANG_WARN_RANGE_LOOP_ANALYSIS = YES;
				CLANG_WARN_STRICT_PROTOTYPES = YES;
				CLANG_WARN_SUSPICIOUS_MOVE = YES;
				CLANG_WARN_UNGUARDED_AVAILABILITY = YES_AGGRESSIVE;
				CLANG_WARN_UNREACHABLE_CODE = YES;
				CLANG_WARN__DUPLICATE_METHOD_MATCH = YES;
				COPY_PHASE_STRIP = NO;
				DEBUG_INFORMATION_FORMAT = "dwarf-with-dsym";
				ENABLE_STRICT_OBJC_MSGSEND = YES;
				ENABLE_TESTABILITY = YES;
				ENABLE_USER_SCRIPT_SANDBOXING = YES;
				GCC_C_LANGUAGE_STANDARD = gnu11;
				GCC_DYNAMIC_NO_PIC = NO;
				GCC_NO_COMMON_BLOCKS = YES;
				GCC_OPTIMIZATION_LEVEL = 0;
				GCC_PREPROCESSOR_DEFINITIONS = (
					"$(inherited)",
					"DEBUG=1",
				);
				GCC_WARN_64_TO_32_BIT_CONVERSION = YES;
				GCC_WARN_ABOUT_RETURN_TYPE = YES_ERROR;
				GCC_WARN_UNDECLARED_SELECTOR = YES;
				GCC_WARN_UNINITIALIZED_AUTOS = YES_AGGRESSIVE;
				GCC_WARN_UNUSED_FUNCTION = YES;
				GCC_WARN_UNUSED_VARIABLE = YES;
				IPHONEOS_DEPLOYMENT_TARGET = 26.0;
				MTL_ENABLE_DEBUG_INFO = INCLUDE_SOURCE;
				MTL_FAST_MATH = YES;
				ONLY_ACTIVE_ARCH = YES;
				PRODUCT_NAME = "$(TARGET_NAME)";
				SDKROOT = iphoneos;
				STRING_CATALOG_GENERATE_SYMBOLS = YES;
				SWIFT_ACTIVE_COMPILATION_CONDITIONS = DEBUG;
				SWIFT_OPTIMIZATION_LEVEL = "-Onone";
				SWIFT_STRICT_CONCURRENCY = complete;
				SWIFT_VERSION = 6.0;
			};
			name = Debug;
		};
		CBF0083531FF18AAE4ACD782 /* Release */ = {
			isa = XCBuildConfiguration;
			buildSettings = {
				BUNDLE_LOADER = "$(TEST_HOST)";
				GENERATE_INFOPLIST_FILE = YES;
				IPHONEOS_DEPLOYMENT_TARGET = 26.0;
				LD_RUNPATH_SEARCH_PATHS = (
					"$(inherited)",
					"@executable_path/Frameworks",
					"@loader_path/Frameworks",
				);
				PRODUCT_BUNDLE_IDENTIFIER = com.posix88.VoltlyTests;
				SDKROOT = iphoneos;
				TARGETED_DEVICE_FAMILY = "1,2";
				TEST_HOST = "$(BUILT_PRODUCTS_DIR)/WorldPlug.app/WorldPlug";
			};
			name = Release;
		};
		E5D2478C463360607269F77B /* Release */ = {
			isa = XCBuildConfiguration;
			buildSettings = {
				ASSETCATALOG_COMPILER_APPICON_NAME = AppIcon;
				ASSETCATALOG_COMPILER_GENERATE_SWIFT_ASSET_SYMBOL_EXTENSIONS = YES;
				CODE_SIGN_IDENTITY = "iPhone Developer";
				CURRENT_PROJECT_VERSION = 1;
				DEVELOPMENT_ASSET_PATHS = "\"WorldPlug/Resources/Preview Content\"";
				INFOPLIST_FILE = "WorldPlug/WorldPlug-Info.plist";
				INFOPLIST_KEY_LSApplicationCategoryType = "public.app-category.travel";
				IPHONEOS_DEPLOYMENT_TARGET = 26.0;
				LD_RUNPATH_SEARCH_PATHS = (
					"$(inherited)",
					"@executable_path/Frameworks",
				);
				MARKETING_VERSION = 1.0;
				PRODUCT_BUNDLE_IDENTIFIER = com.posix88.Voltly;
				SDKROOT = iphoneos;
				TARGETED_DEVICE_FAMILY = "1,2";
			};
			name = Release;
		};
		F49909D7A94145917592E318 /* Debug */ = {
			isa = XCBuildConfiguration;
			buildSettings = {
				BUNDLE_LOADER = "$(TEST_HOST)";
				GENERATE_INFOPLIST_FILE = YES;
				IPHONEOS_DEPLOYMENT_TARGET = 26.0;
				LD_RUNPATH_SEARCH_PATHS = (
					"$(inherited)",
					"@executable_path/Frameworks",
					"@loader_path/Frameworks",
				);
				PRODUCT_BUNDLE_IDENTIFIER = com.posix88.VoltlyTests;
				SDKROOT = iphoneos;
				TARGETED_DEVICE_FAMILY = "1,2";
				TEST_HOST = "$(BUILT_PRODUCTS_DIR)/WorldPlug.app/WorldPlug";
			};
			name = Debug;
		};
/* End XCBuildConfiguration section */

/* Begin XCConfigurationList section */
		B7C59A4A404DE9C5204EED9E /* Build configuration list for PBXNativeTarget "WorldPlugTests" */ = {
			isa = XCConfigurationList;
			buildConfigurations = (
				F49909D7A94145917592E318 /* Debug */,
				CBF0083531FF18AAE4ACD782 /* Release */,
			);
			defaultConfigurationIsVisible = 0;
			defaultConfigurationName = Debug;
		};
		C5072A5D08F5612C4DE074DB /* Build configuration list for PBXProject "WorldPlug" */ = {
			isa = XCConfigurationList;
			buildConfigurations = (
				AABBE09CC9579C161E9E24B0 /* Debug */,
				03AFD0DB20C150DE150F87C4 /* Release */,
			);
			defaultConfigurationIsVisible = 0;
			defaultConfigurationName = Debug;
		};
		EA535D1A86E531EF78C0C985 /* Build configuration list for PBXNativeTarget "WorldPlug" */ = {
			isa = XCConfigurationList;
			buildConfigurations = (
				20BBE91A9823E31EE19BC787 /* Debug */,
				E5D2478C463360607269F77B /* Release */,
			);
			defaultConfigurationIsVisible = 0;
			defaultConfigurationName = Debug;
		};
/* End XCConfigurationList section */

/* Begin XCLocalSwiftPackageReference section */
		8C4622A7B1801528FDE64986 /* XCLocalSwiftPackageReference "Repository" */ = {
			isa = XCLocalSwiftPackageReference;
			relativePath = Repository;
		};
/* End XCLocalSwiftPackageReference section */

/* Begin XCSwiftPackageProductDependency section */
		B423EFCB42CC328DC06463FE /* Repository */ = {
			isa = XCSwiftPackageProductDependency;
			productName = Repository;
		};
		E4D17D6D811CF8CEEDE7ED8E /* Repository */ = {
			isa = XCSwiftPackageProductDependency;
			productName = Repository;
		};
/* End XCSwiftPackageProductDependency section */
	};
	rootObject = 50B7ACC28A184B04797769E8 /* Project object */;
}
